
Microsoft Visual Studio Solution File, Format Version 12.00
# Visual Studio 2013
VisualStudioVersion = 12.0.31101.0
MinimumVisualStudioVersion = 10.0.40219.1
Project("{FAE04EC0-301F-11D3-BF4B-00C04F79EFBC}") = "Zaj01", "Zaj01\Zaj01.csproj", "{2DE4ACC5-8367-4021-8D2C-5F20F53C6C51}"
EndProject
Project("{FAE04EC0-301F-11D3-BF4B-00C04F79EFBC}") = "Test1", "Test1\Test1.csproj", "{11F27916-2B74-46FC-A9F4-0665610637F6}"
EndProject
Project("{FAE04EC0-301F-11D3-BF4B-00C04F79EFBC}") = "EntityFrameworkExample", "EntityFrameworkExample\EntityFrameworkExample.csproj", "{03C50FD2-4523-4BA9-BD91-B0A56D4EC35A}"
EndProject
Project("{FAE04EC0-301F-11D3-BF4B-00C04F79EFBC}") = "EF.Test", "EF.Test\EF.Test.csproj", "{0B93BED2-5862-4A9C-9B35-6844C7539735}"
EndProject
Project("{FAE04EC0-301F-11D3-BF4B-00C04F79EFBC}") = "Zaj02", "Zaj02\Zaj02.csproj", "{693FC754-F230-4D2D-9B1B-C3F7B504E062}"
EndProject
Project("{FAE04EC0-301F-11D3-BF4B-00C04F79EFBC}") = "EF Inheritance", "EF Inheritance\EF Inheritance.csproj", "{E99CDA6B-A9CF-4648-AC31-1EE2758515D5}"
EndProject
Project("{FAE04EC0-301F-11D3-BF4B-00C04F79EFBC}") = "Zaj02MVC", "Zaj02MVC\Zaj02MVC.csproj", "{0BBF8E34-1DBE-44D1-BEA0-5376E4168D65}"
EndProject
Project("{FAE04EC0-301F-11D3-BF4B-00C04F79EFBC}") = "KoVPlz", "KoVPlz\KoVPlz.csproj", "{DCDCB6A0-40E4-4F6C-8FC6-4EB77632C1D9}"
EndProject
Project("{FAE04EC0-301F-11D3-BF4B-00C04F79EFBC}") = "Zaj04", "Zaj04\Zaj04.csproj", "{2912E2A9-3FE3-4FD7-A113-FEE9C7AA278B}"
EndProject
Project("{FAE04EC0-301F-11D3-BF4B-00C04F79EFBC}") = "Zaj06", "Zaj06\Zaj06.csproj", "{95D1E842-0801-43DD-976B-1F53EBB1B179}"
EndProject
Project("{2150E333-8FDC-42A3-9474-1A3956D46DE8}") = "Events", "Events", "{6ADBE167-EEBD-4291-81AA-DCC4F50A5D43}"
EndProject
Project("{FAE04EC0-301F-11D3-BF4B-00C04F79EFBC}") = "Events.GUI", "Events.GUI\Events.GUI.csproj", "{72233996-A494-4A7C-870B-6427944ED9BE}"
EndProject
Project("{FAE04EC0-301F-11D3-BF4B-00C04F79EFBC}") = "Events.Dal", "Events.Dal\Events.Dal.csproj", "{CED37CD2-8BED-4870-A361-70ADD00B1E00}"
EndProject
Project("{FAE04EC0-301F-11D3-BF4B-00C04F79EFBC}") = "Events.TestConsole", "Events.TestConsole\Events.TestConsole.csproj", "{1E8D4078-76F2-4269-B7F6-17A80DDF3791}"
EndProject
Project("{FAE04EC0-301F-11D3-BF4B-00C04F79EFBC}") = "Events.Service", "Events.Service\Events.Service.csproj", "{D7F7C4EF-7833-4D93-A274-BC37BFD3AE01}"
EndProject
Project("{FAE04EC0-301F-11D3-BF4B-00C04F79EFBC}") = "Events.Common", "Events.Common\Events.Common.csproj", "{1579B20A-DD91-456C-A128-42C0D500909B}"
EndProject
Project("{FAE04EC0-301F-11D3-BF4B-00C04F79EFBC}") = "Events.Contract", "Events.Contract\Events.Contract.csproj", "{BE3B52EB-9407-4D11-B800-FEF0FE67BF83}"
EndProject
Project("{FAE04EC0-301F-11D3-BF4B-00C04F79EFBC}") = "Events.Resolver", "Events.Resolver\Events.Resolver.csproj", "{F978A4C7-C7D4-48DC-9B17-A51B062BE883}"
EndProject
Global
	GlobalSection(SolutionConfigurationPlatforms) = preSolution
		Debug|Any CPU = Debug|Any CPU
		Release|Any CPU = Release|Any CPU
	EndGlobalSection
	GlobalSection(ProjectConfigurationPlatforms) = postSolution
		{2DE4ACC5-8367-4021-8D2C-5F20F53C6C51}.Debug|Any CPU.ActiveCfg = Debug|Any CPU
		{2DE4ACC5-8367-4021-8D2C-5F20F53C6C51}.Debug|Any CPU.Build.0 = Debug|Any CPU
		{2DE4ACC5-8367-4021-8D2C-5F20F53C6C51}.Release|Any CPU.ActiveCfg = Release|Any CPU
		{2DE4ACC5-8367-4021-8D2C-5F20F53C6C51}.Release|Any CPU.Build.0 = Release|Any CPU
		{11F27916-2B74-46FC-A9F4-0665610637F6}.Debug|Any CPU.ActiveCfg = Debug|Any CPU
		{11F27916-2B74-46FC-A9F4-0665610637F6}.Debug|Any CPU.Build.0 = Debug|Any CPU
		{11F27916-2B74-46FC-A9F4-0665610637F6}.Release|Any CPU.ActiveCfg = Release|Any CPU
		{11F27916-2B74-46FC-A9F4-0665610637F6}.Release|Any CPU.Build.0 = Release|Any CPU
		{03C50FD2-4523-4BA9-BD91-B0A56D4EC35A}.Debug|Any CPU.ActiveCfg = Debug|Any CPU
		{03C50FD2-4523-4BA9-BD91-B0A56D4EC35A}.Debug|Any CPU.Build.0 = Debug|Any CPU
		{03C50FD2-4523-4BA9-BD91-B0A56D4EC35A}.Release|Any CPU.ActiveCfg = Release|Any CPU
		{03C50FD2-4523-4BA9-BD91-B0A56D4EC35A}.Release|Any CPU.Build.0 = Release|Any CPU
		{0B93BED2-5862-4A9C-9B35-6844C7539735}.Debug|Any CPU.ActiveCfg = Debug|Any CPU
		{0B93BED2-5862-4A9C-9B35-6844C7539735}.Debug|Any CPU.Build.0 = Debug|Any CPU
		{0B93BED2-5862-4A9C-9B35-6844C7539735}.Release|Any CPU.ActiveCfg = Release|Any CPU
		{0B93BED2-5862-4A9C-9B35-6844C7539735}.Release|Any CPU.Build.0 = Release|Any CPU
		{693FC754-F230-4D2D-9B1B-C3F7B504E062}.Debug|Any CPU.ActiveCfg = Debug|Any CPU
		{693FC754-F230-4D2D-9B1B-C3F7B504E062}.Debug|Any CPU.Build.0 = Debug|Any CPU
		{693FC754-F230-4D2D-9B1B-C3F7B504E062}.Release|Any CPU.ActiveCfg = Release|Any CPU
		{693FC754-F230-4D2D-9B1B-C3F7B504E062}.Release|Any CPU.Build.0 = Release|Any CPU
		{E99CDA6B-A9CF-4648-AC31-1EE2758515D5}.Debug|Any CPU.ActiveCfg = Debug|Any CPU
		{E99CDA6B-A9CF-4648-AC31-1EE2758515D5}.Debug|Any CPU.Build.0 = Debug|Any CPU
		{E99CDA6B-A9CF-4648-AC31-1EE2758515D5}.Release|Any CPU.ActiveCfg = Release|Any CPU
		{E99CDA6B-A9CF-4648-AC31-1EE2758515D5}.Release|Any CPU.Build.0 = Release|Any CPU
		{0BBF8E34-1DBE-44D1-BEA0-5376E4168D65}.Debug|Any CPU.ActiveCfg = Debug|Any CPU
		{0BBF8E34-1DBE-44D1-BEA0-5376E4168D65}.Debug|Any CPU.Build.0 = Debug|Any CPU
		{0BBF8E34-1DBE-44D1-BEA0-5376E4168D65}.Release|Any CPU.ActiveCfg = Release|Any CPU
		{0BBF8E34-1DBE-44D1-BEA0-5376E4168D65}.Release|Any CPU.Build.0 = Release|Any CPU
		{DCDCB6A0-40E4-4F6C-8FC6-4EB77632C1D9}.Debug|Any CPU.ActiveCfg = Debug|Any CPU
		{DCDCB6A0-40E4-4F6C-8FC6-4EB77632C1D9}.Debug|Any CPU.Build.0 = Debug|Any CPU
		{DCDCB6A0-40E4-4F6C-8FC6-4EB77632C1D9}.Release|Any CPU.ActiveCfg = Release|Any CPU
		{DCDCB6A0-40E4-4F6C-8FC6-4EB77632C1D9}.Release|Any CPU.Build.0 = Release|Any CPU
		{2912E2A9-3FE3-4FD7-A113-FEE9C7AA278B}.Debug|Any CPU.ActiveCfg = Debug|Any CPU
		{2912E2A9-3FE3-4FD7-A113-FEE9C7AA278B}.Debug|Any CPU.Build.0 = Debug|Any CPU
		{2912E2A9-3FE3-4FD7-A113-FEE9C7AA278B}.Release|Any CPU.ActiveCfg = Release|Any CPU
		{2912E2A9-3FE3-4FD7-A113-FEE9C7AA278B}.Release|Any CPU.Build.0 = Release|Any CPU
		{95D1E842-0801-43DD-976B-1F53EBB1B179}.Debug|Any CPU.ActiveCfg = Debug|Any CPU
		{95D1E842-0801-43DD-976B-1F53EBB1B179}.Debug|Any CPU.Build.0 = Debug|Any CPU
		{95D1E842-0801-43DD-976B-1F53EBB1B179}.Release|Any CPU.ActiveCfg = Release|Any CPU
		{95D1E842-0801-43DD-976B-1F53EBB1B179}.Release|Any CPU.Build.0 = Release|Any CPU
		{72233996-A494-4A7C-870B-6427944ED9BE}.Debug|Any CPU.ActiveCfg = Debug|Any CPU
		{72233996-A494-4A7C-870B-6427944ED9BE}.Debug|Any CPU.Build.0 = Debug|Any CPU
		{72233996-A494-4A7C-870B-6427944ED9BE}.Release|Any CPU.ActiveCfg = Release|Any CPU
		{72233996-A494-4A7C-870B-6427944ED9BE}.Release|Any CPU.Build.0 = Release|Any CPU
		{CED37CD2-8BED-4870-A361-70ADD00B1E00}.Debug|Any CPU.ActiveCfg = Debug|Any CPU
		{CED37CD2-8BED-4870-A361-70ADD00B1E00}.Debug|Any CPU.Build.0 = Debug|Any CPU
		{CED37CD2-8BED-4870-A361-70ADD00B1E00}.Release|Any CPU.ActiveCfg = Release|Any CPU
		{CED37CD2-8BED-4870-A361-70ADD00B1E00}.Release|Any CPU.Build.0 = Release|Any CPU
		{1E8D4078-76F2-4269-B7F6-17A80DDF3791}.Debug|Any CPU.ActiveCfg = Debug|Any CPU
		{1E8D4078-76F2-4269-B7F6-17A80DDF3791}.Debug|Any CPU.Build.0 = Debug|Any CPU
		{1E8D4078-76F2-4269-B7F6-17A80DDF3791}.Release|Any CPU.ActiveCfg = Release|Any CPU
		{1E8D4078-76F2-4269-B7F6-17A80DDF3791}.Release|Any CPU.Build.0 = Release|Any CPU
		{D7F7C4EF-7833-4D93-A274-BC37BFD3AE01}.Debug|Any CPU.ActiveCfg = Debug|Any CPU
		{D7F7C4EF-7833-4D93-A274-BC37BFD3AE01}.Debug|Any CPU.Build.0 = Debug|Any CPU
		{D7F7C4EF-7833-4D93-A274-BC37BFD3AE01}.Release|Any CPU.ActiveCfg = Release|Any CPU
		{D7F7C4EF-7833-4D93-A274-BC37BFD3AE01}.Release|Any CPU.Build.0 = Release|Any CPU
		{1579B20A-DD91-456C-A128-42C0D500909B}.Debug|Any CPU.ActiveCfg = Debug|Any CPU
		{1579B20A-DD91-456C-A128-42C0D500909B}.Debug|Any CPU.Build.0 = Debug|Any CPU
		{1579B20A-DD91-456C-A128-42C0D500909B}.Release|Any CPU.ActiveCfg = Release|Any CPU
		{1579B20A-DD91-456C-A128-42C0D500909B}.Release|Any CPU.Build.0 = Release|Any CPU
		{BE3B52EB-9407-4D11-B800-FEF0FE67BF83}.Debug|Any CPU.ActiveCfg = Debug|Any CPU
		{BE3B52EB-9407-4D11-B800-FEF0FE67BF83}.Debug|Any CPU.Build.0 = Debug|Any CPU
		{BE3B52EB-9407-4D11-B800-FEF0FE67BF83}.Release|Any CPU.ActiveCfg = Release|Any CPU
		{BE3B52EB-9407-4D11-B800-FEF0FE67BF83}.Release|Any CPU.Build.0 = Release|Any CPU
		{F978A4C7-C7D4-48DC-9B17-A51B062BE883}.Debug|Any CPU.ActiveCfg = Debug|Any CPU
		{F978A4C7-C7D4-48DC-9B17-A51B062BE883}.Debug|Any CPU.Build.0 = Debug|Any CPU
		{F978A4C7-C7D4-48DC-9B17-A51B062BE883}.Release|Any CPU.ActiveCfg = Release|Any CPU
		{F978A4C7-C7D4-48DC-9B17-A51B062BE883}.Release|Any CPU.Build.0 = Release|Any CPU
	EndGlobalSection
	GlobalSection(SolutionProperties) = preSolution
		HideSolutionNode = FALSE
	EndGlobalSection
	GlobalSection(NestedProjects) = preSolution
		{72233996-A494-4A7C-870B-6427944ED9BE} = {6ADBE167-EEBD-4291-81AA-DCC4F50A5D43}
		{CED37CD2-8BED-4870-A361-70ADD00B1E00} = {6ADBE167-EEBD-4291-81AA-DCC4F50A5D43}
		{1E8D4078-76F2-4269-B7F6-17A80DDF3791} = {6ADBE167-EEBD-4291-81AA-DCC4F50A5D43}
		{D7F7C4EF-7833-4D93-A274-BC37BFD3AE01} = {6ADBE167-EEBD-4291-81AA-DCC4F50A5D43}
		{1579B20A-DD91-456C-A128-42C0D500909B} = {6ADBE167-EEBD-4291-81AA-DCC4F50A5D43}
		{BE3B52EB-9407-4D11-B800-FEF0FE67BF83} = {6ADBE167-EEBD-4291-81AA-DCC4F50A5D43}
		{F978A4C7-C7D4-48DC-9B17-A51B062BE883} = {6ADBE167-EEBD-4291-81AA-DCC4F50A5D43}
	EndGlobalSection
EndGlobal
