
Microsoft Visual Studio Solution File, Format Version 12.00
# Visual Studio 2013
VisualStudioVersion = 12.0.31101.0
MinimumVisualStudioVersion = 10.0.40219.1
Project("{FAE04EC0-301F-11D3-BF4B-00C04F79EFBC}") = "Zaj01", "Zaj01\Zaj01.csproj", "{2DE4ACC5-8367-4021-8D2C-5F20F53C6C51}"
EndProject
Project("{FAE04EC0-301F-11D3-BF4B-00C04F79EFBC}") = "Test1", "Test1\Test1.csproj", "{11F27916-2B74-46FC-A9F4-0665610637F6}"
EndProject
Project("{FAE04EC0-301F-11D3-BF4B-00C04F79EFBC}") = "EntityFrameworkExample", "EntityFrameworkExample\EntityFrameworkExample.csproj", "{03C50FD2-4523-4BA9-BD91-B0A56D4EC35A}"
EndProject
Project("{FAE04EC0-301F-11D3-BF4B-00C04F79EFBC}") = "EF.Test", "EF.Test\EF.Test.csproj", "{0B93BED2-5862-4A9C-9B35-6844C7539735}"
EndProject
Project("{FAE04EC0-301F-11D3-BF4B-00C04F79EFBC}") = "Zaj02", "Zaj02\Zaj02.csproj", "{693FC754-F230-4D2D-9B1B-C3F7B504E062}"
EndProject
Project("{FAE04EC0-301F-11D3-BF4B-00C04F79EFBC}") = "EF Inheritance", "EF Inheritance\EF Inheritance.csproj", "{E99CDA6B-A9CF-4648-AC31-1EE2758515D5}"
EndProject
Global
	GlobalSection(SolutionConfigurationPlatforms) = preSolution
		Debug|Any CPU = Debug|Any CPU
		Release|Any CPU = Release|Any CPU
	EndGlobalSection
	GlobalSection(ProjectConfigurationPlatforms) = postSolution
		{2DE4ACC5-8367-4021-8D2C-5F20F53C6C51}.Debug|Any CPU.ActiveCfg = Debug|Any CPU
		{2DE4ACC5-8367-4021-8D2C-5F20F53C6C51}.Debug|Any CPU.Build.0 = Debug|Any CPU
		{2DE4ACC5-8367-4021-8D2C-5F20F53C6C51}.Release|Any CPU.ActiveCfg = Release|Any CPU
		{2DE4ACC5-8367-4021-8D2C-5F20F53C6C51}.Release|Any CPU.Build.0 = Release|Any CPU
		{11F27916-2B74-46FC-A9F4-0665610637F6}.Debug|Any CPU.ActiveCfg = Debug|Any CPU
		{11F27916-2B74-46FC-A9F4-0665610637F6}.Debug|Any CPU.Build.0 = Debug|Any CPU
		{11F27916-2B74-46FC-A9F4-0665610637F6}.Release|Any CPU.ActiveCfg = Release|Any CPU
		{11F27916-2B74-46FC-A9F4-0665610637F6}.Release|Any CPU.Build.0 = Release|Any CPU
		{03C50FD2-4523-4BA9-BD91-B0A56D4EC35A}.Debug|Any CPU.ActiveCfg = Debug|Any CPU
		{03C50FD2-4523-4BA9-BD91-B0A56D4EC35A}.Debug|Any CPU.Build.0 = Debug|Any CPU
		{03C50FD2-4523-4BA9-BD91-B0A56D4EC35A}.Release|Any CPU.ActiveCfg = Release|Any CPU
		{03C50FD2-4523-4BA9-BD91-B0A56D4EC35A}.Release|Any CPU.Build.0 = Release|Any CPU
		{0B93BED2-5862-4A9C-9B35-6844C7539735}.Debug|Any CPU.ActiveCfg = Debug|Any CPU
		{0B93BED2-5862-4A9C-9B35-6844C7539735}.Debug|Any CPU.Build.0 = Debug|Any CPU
		{0B93BED2-5862-4A9C-9B35-6844C7539735}.Release|Any CPU.ActiveCfg = Release|Any CPU
		{0B93BED2-5862-4A9C-9B35-6844C7539735}.Release|Any CPU.Build.0 = Release|Any CPU
		{693FC754-F230-4D2D-9B1B-C3F7B504E062}.Debug|Any CPU.ActiveCfg = Debug|Any CPU
		{693FC754-F230-4D2D-9B1B-C3F7B504E062}.Debug|Any CPU.Build.0 = Debug|Any CPU
		{693FC754-F230-4D2D-9B1B-C3F7B504E062}.Release|Any CPU.ActiveCfg = Release|Any CPU
		{693FC754-F230-4D2D-9B1B-C3F7B504E062}.Release|Any CPU.Build.0 = Release|Any CPU
		{E99CDA6B-A9CF-4648-AC31-1EE2758515D5}.Debug|Any CPU.ActiveCfg = Debug|Any CPU
		{E99CDA6B-A9CF-4648-AC31-1EE2758515D5}.Debug|Any CPU.Build.0 = Debug|Any CPU
		{E99CDA6B-A9CF-4648-AC31-1EE2758515D5}.Release|Any CPU.ActiveCfg = Release|Any CPU
		{E99CDA6B-A9CF-4648-AC31-1EE2758515D5}.Release|Any CPU.Build.0 = Release|Any CPU
	EndGlobalSection
	GlobalSection(SolutionProperties) = preSolution
		HideSolutionNode = FALSE
	EndGlobalSection
EndGlobal
